{
  "name": "keycloak-jwt-frontend",
  "version": "1.0.0",
  "lockfileVersion": 2,
  "requires": true,
  "packages": {
    "": {
      "name": "keycloak-jwt-frontend",
      "version": "1.0.0",
      "dependencies": {
        "react": "^18.2.0",
        "react-dom": "^18.2.0",
        "react-scripts": "5.0.1",
        "axios": "^1.6.0",
        "react-tabs": "^6.0.2",
        "react-hook-form": "^7.48.0",
        "@types/react": "^18.2.0",
        "@types/react-dom": "^18.2.0",
        "typescript": "^4.9.5"
      }
    }
  }
}